
Microsoft Visual Studio Solution File, Format Version 12.00
# Visual Studio 2017
Project("{FAE04EC0-301F-11D3-BF4B-00C04F79EFBC}") = "ProjectCMinar.Plugins", "ProjectCMinar.Plugins.csproj", "{5E0DF791-EA33-3CA6-0469-60D93D40E96B}"
EndProject
Project("{FAE04EC0-301F-11D3-BF4B-00C04F79EFBC}") = "ProjectCMinar", "ProjectCMinar.csproj", "{7AE20E46-9534-244E-E00C-FB3DB5AD84C0}"
EndProject
Project("{FAE04EC0-301F-11D3-BF4B-00C04F79EFBC}") = "ProjectCMinar.Editor", "ProjectCMinar.Editor.csproj", "{87935AA4-7FE2-367B-5914-A251165D838D}"
EndProject
Global
	GlobalSection(SolutionConfigurationPlatforms) = preSolution
		Debug|Any CPU = Debug|Any CPU
		Release|Any CPU = Release|Any CPU
	EndGlobalSection
	GlobalSection(ProjectConfigurationPlatforms) = postSolution
		{5E0DF791-EA33-3CA6-0469-60D93D40E96B}.Debug|Any CPU.ActiveCfg = Debug|Any CPU
		{5E0DF791-EA33-3CA6-0469-60D93D40E96B}.Debug|Any CPU.Build.0 = Debug|Any CPU
		{5E0DF791-EA33-3CA6-0469-60D93D40E96B}.Release|Any CPU.ActiveCfg = Release|Any CPU
		{5E0DF791-EA33-3CA6-0469-60D93D40E96B}.Release|Any CPU.Build.0 = Release|Any CPU
		{7AE20E46-9534-244E-E00C-FB3DB5AD84C0}.Debug|Any CPU.ActiveCfg = Debug|Any CPU
		{7AE20E46-9534-244E-E00C-FB3DB5AD84C0}.Debug|Any CPU.Build.0 = Debug|Any CPU
		{7AE20E46-9534-244E-E00C-FB3DB5AD84C0}.Release|Any CPU.ActiveCfg = Release|Any CPU
		{7AE20E46-9534-244E-E00C-FB3DB5AD84C0}.Release|Any CPU.Build.0 = Release|Any CPU
		{87935AA4-7FE2-367B-5914-A251165D838D}.Debug|Any CPU.ActiveCfg = Debug|Any CPU
		{87935AA4-7FE2-367B-5914-A251165D838D}.Debug|Any CPU.Build.0 = Debug|Any CPU
		{87935AA4-7FE2-367B-5914-A251165D838D}.Release|Any CPU.ActiveCfg = Release|Any CPU
		{87935AA4-7FE2-367B-5914-A251165D838D}.Release|Any CPU.Build.0 = Release|Any CPU
	EndGlobalSection
	GlobalSection(SolutionProperties) = preSolution
		HideSolutionNode = FALSE
	EndGlobalSection
EndGlobal
